// !$*UTF8*$!
{
	archiveVersion = 1;
	classes = {
	};
	objectVersion = 56;
	objects = {

/* Begin PBXBuildFile section */
		92B0043B2D78362900DA5CAF /* ColorsExtension.swift in Sources */ = {isa = PBXBuildFile; fileRef = 92B0043A2D78362900DA5CAF /* ColorsExtension.swift */; };
		92D038052D772B5C002BFC28 /* CoworkApp.swift in Sources */ = {isa = PBXBuildFile; fileRef = 92D038042D772B5C002BFC28 /* CoworkApp.swift */; };
		92D038092D772B5E002BFC28 /* Assets.xcassets in Resources */ = {isa = PBXBuildFile; fileRef = 92D038082D772B5E002BFC28 /* Assets.xcassets */; };
		92D0380C2D772B5E002BFC28 /* Preview Assets.xcassets in Resources */ = {isa = PBXBuildFile; fileRef = 92D0380B2D772B5E002BFC28 /* Preview Assets.xcassets */; };
		92D038162D772B5E002BFC28 /* CoworkTests.swift in Sources */ = {isa = PBXBuildFile; fileRef = 92D038152D772B5E002BFC28 /* CoworkTests.swift */; };
		92D038202D772B5E002BFC28 /* CoworkUITests.swift in Sources */ = {isa = PBXBuildFile; fileRef = 92D0381F2D772B5E002BFC28 /* CoworkUITests.swift */; };
		92D038222D772B5E002BFC28 /* CoworkUITestsLaunchTests.swift in Sources */ = {isa = PBXBuildFile; fileRef = 92D038212D772B5E002BFC28 /* CoworkUITestsLaunchTests.swift */; };
		92EC71282D77311F00E0DD54 /* Montserrat-Bold.ttf in Resources */ = {isa = PBXBuildFile; fileRef = 92EC71272D77311F00E0DD54 /* Montserrat-Bold.ttf */; };
		92EC71302D77329200E0DD54 /* SplashView.swift in Sources */ = {isa = PBXBuildFile; fileRef = 92EC712F2D77329200E0DD54 /* SplashView.swift */; };
		92EC71322D7733FB00E0DD54 /* FontExtension.swift in Sources */ = {isa = PBXBuildFile; fileRef = 92EC71312D7733FB00E0DD54 /* FontExtension.swift */; };
		92EC71342D773A3800E0DD54 /* OnboardingView.swift in Sources */ = {isa = PBXBuildFile; fileRef = 92EC71332D773A3800E0DD54 /* OnboardingView.swift */; };
/* End PBXBuildFile section */

/* Begin PBXContainerItemProxy section */
		92D038122D772B5E002BFC28 /* PBXContainerItemProxy */ = {
			isa = PBXContainerItemProxy;
			containerPortal = 92D037F92D772B5C002BFC28 /* Project object */;
			proxyType = 1;
			remoteGlobalIDString = 92D038002D772B5C002BFC28;
			remoteInfo = Cowork;
		};
		92D0381C2D772B5E002BFC28 /* PBXContainerItemProxy */ = {
			isa = PBXContainerItemProxy;
			containerPortal = 92D037F92D772B5C002BFC28 /* Project object */;
			proxyType = 1;
			remoteGlobalIDString = 92D038002D772B5C002BFC28;
			remoteInfo = Cowork;
		};
/* End PBXContainerItemProxy section */

/* Begin PBXFileReference section */
		92B0043A2D78362900DA5CAF /* ColorsExtension.swift */ = {isa = PBXFileReference; lastKnownFileType = sourcecode.swift; path = ColorsExtension.swift; sourceTree = "<group>"; };
		92D038012D772B5C002BFC28 /* Cowork.app */ = {isa = PBXFileReference; explicitFileType = wrapper.application; includeInIndex = 0; path = Cowork.app; sourceTree = BUILT_PRODUCTS_DIR; };
		92D038042D772B5C002BFC28 /* CoworkApp.swift */ = {isa = PBXFileReference; lastKnownFileType = sourcecode.swift; path = CoworkApp.swift; sourceTree = "<group>"; };
		92D038082D772B5E002BFC28 /* Assets.xcassets */ = {isa = PBXFileReference; lastKnownFileType = folder.assetcatalog; path = Assets.xcassets; sourceTree = "<group>"; };
		92D0380B2D772B5E002BFC28 /* Preview Assets.xcassets */ = {isa = PBXFileReference; lastKnownFileType = folder.assetcatalog; path = "Preview Assets.xcassets"; sourceTree = "<group>"; };
		92D038112D772B5E002BFC28 /* CoworkTests.xctest */ = {isa = PBXFileReference; explicitFileType = wrapper.cfbundle; includeInIndex = 0; path = CoworkTests.xctest; sourceTree = BUILT_PRODUCTS_DIR; };
		92D038152D772B5E002BFC28 /* CoworkTests.swift */ = {isa = PBXFileReference; lastKnownFileType = sourcecode.swift; path = CoworkTests.swift; sourceTree = "<group>"; };
		92D0381B2D772B5E002BFC28 /* CoworkUITests.xctest */ = {isa = PBXFileReference; explicitFileType = wrapper.cfbundle; includeInIndex = 0; path = CoworkUITests.xctest; sourceTree = BUILT_PRODUCTS_DIR; };
		92D0381F2D772B5E002BFC28 /* CoworkUITests.swift */ = {isa = PBXFileReference; lastKnownFileType = sourcecode.swift; path = CoworkUITests.swift; sourceTree = "<group>"; };
		92D038212D772B5E002BFC28 /* CoworkUITestsLaunchTests.swift */ = {isa = PBXFileReference; lastKnownFileType = sourcecode.swift; path = CoworkUITestsLaunchTests.swift; sourceTree = "<group>"; };
		92EC71272D77311F00E0DD54 /* Montserrat-Bold.ttf */ = {isa = PBXFileReference; lastKnownFileType = file; path = "Montserrat-Bold.ttf"; sourceTree = "<group>"; };
		92EC71292D77313E00E0DD54 /* Montserrat-SemiBold.ttf */ = {isa = PBXFileReference; lastKnownFileType = file; path = "Montserrat-SemiBold.ttf"; sourceTree = "<group>"; };
		92EC712A2D77313E00E0DD54 /* Montserrat-Light.ttf */ = {isa = PBXFileReference; lastKnownFileType = file; path = "Montserrat-Light.ttf"; sourceTree = "<group>"; };
		92EC712B2D77313E00E0DD54 /* Montserrat-Thin.ttf */ = {isa = PBXFileReference; lastKnownFileType = file; path = "Montserrat-Thin.ttf"; sourceTree = "<group>"; };
		92EC712C2D77313E00E0DD54 /* Montserrat-Medium.ttf */ = {isa = PBXFileReference; lastKnownFileType = file; path = "Montserrat-Medium.ttf"; sourceTree = "<group>"; };
		92EC712D2D77313E00E0DD54 /* Montserrat-Regular.ttf */ = {isa = PBXFileReference; lastKnownFileType = file; path = "Montserrat-Regular.ttf"; sourceTree = "<group>"; };
		92EC712E2D7731ED00E0DD54 /* Info.plist */ = {isa = PBXFileReference; lastKnownFileType = text.plist; path = Info.plist; sourceTree = "<group>"; };
		92EC712F2D77329200E0DD54 /* SplashView.swift */ = {isa = PBXFileReference; lastKnownFileType = sourcecode.swift; path = SplashView.swift; sourceTree = "<group>"; };
		92EC71312D7733FB00E0DD54 /* FontExtension.swift */ = {isa = PBXFileReference; lastKnownFileType = sourcecode.swift; path = FontExtension.swift; sourceTree = "<group>"; };
		92EC71332D773A3800E0DD54 /* OnboardingView.swift */ = {isa = PBXFileReference; lastKnownFileType = sourcecode.swift; path = OnboardingView.swift; sourceTree = "<group>"; };
/* End PBXFileReference section */

/* Begin PBXFrameworksBuildPhase section */
		92D037FE2D772B5C002BFC28 /* Frameworks */ = {
			isa = PBXFrameworksBuildPhase;
			buildActionMask = 2147483647;
			files = (
			);
			runOnlyForDeploymentPostprocessing = 0;
		};
		92D0380E2D772B5E002BFC28 /* Frameworks */ = {
			isa = PBXFrameworksBuildPhase;
			buildActionMask = 2147483647;
			files = (
			);
			runOnlyForDeploymentPostprocessing = 0;
		};
		92D038182D772B5E002BFC28 /* Frameworks */ = {
			isa = PBXFrameworksBuildPhase;
			buildActionMask = 2147483647;
			files = (
			);
			runOnlyForDeploymentPostprocessing = 0;
		};
/* End PBXFrameworksBuildPhase section */

/* Begin PBXGroup section */
		92B004392D78360800DA5CAF /* Helpers */ = {
			isa = PBXGroup;
			children = (
				92B0043A2D78362900DA5CAF /* ColorsExtension.swift */,
			);
			path = Helpers;
			sourceTree = "<group>";
		};
		92D037F82D772B5C002BFC28 = {
			isa = PBXGroup;
			children = (
				92D038032D772B5C002BFC28 /* Cowork */,
				92D038142D772B5E002BFC28 /* CoworkTests */,
				92D0381E2D772B5E002BFC28 /* CoworkUITests */,
				92D038022D772B5C002BFC28 /* Products */,
			);
			sourceTree = "<group>";
		};
		92D038022D772B5C002BFC28 /* Products */ = {
			isa = PBXGroup;
			children = (
				92D038012D772B5C002BFC28 /* Cowork.app */,
				92D038112D772B5E002BFC28 /* CoworkTests.xctest */,
				92D0381B2D772B5E002BFC28 /* CoworkUITests.xctest */,
			);
			name = Products;
			sourceTree = "<group>";
		};
		92D038032D772B5C002BFC28 /* Cowork */ = {
			isa = PBXGroup;
			children = (
				92B004392D78360800DA5CAF /* Helpers */,
				92D038042D772B5C002BFC28 /* CoworkApp.swift */,
				92EC71222D772E9300E0DD54 /* Splash */,
				92EC71232D772EA100E0DD54 /* Onboarding */,
				92EC71242D772EDE00E0DD54 /* Authentication */,
				92D038082D772B5E002BFC28 /* Assets.xcassets */,
				92EC712E2D7731ED00E0DD54 /* Info.plist */,
				92EC71262D77308900E0DD54 /* Font */,
				92D0380A2D772B5E002BFC28 /* Preview Content */,
			);
			path = Cowork;
			sourceTree = "<group>";
		};
		92D0380A2D772B5E002BFC28 /* Preview Content */ = {
			isa = PBXGroup;
			children = (
				92D0380B2D772B5E002BFC28 /* Preview Assets.xcassets */,
			);
			path = "Preview Content";
			sourceTree = "<group>";
		};
		92D038142D772B5E002BFC28 /* CoworkTests */ = {
			isa = PBXGroup;
			children = (
				92D038152D772B5E002BFC28 /* CoworkTests.swift */,
			);
			path = CoworkTests;
			sourceTree = "<group>";
		};
		92D0381E2D772B5E002BFC28 /* CoworkUITests */ = {
			isa = PBXGroup;
			children = (
				92D0381F2D772B5E002BFC28 /* CoworkUITests.swift */,
				92D038212D772B5E002BFC28 /* CoworkUITestsLaunchTests.swift */,
			);
			path = CoworkUITests;
			sourceTree = "<group>";
		};
		92EC71222D772E9300E0DD54 /* Splash */ = {
			isa = PBXGroup;
			children = (
				92EC712F2D77329200E0DD54 /* SplashView.swift */,
			);
			path = Splash;
			sourceTree = "<group>";
		};
		92EC71232D772EA100E0DD54 /* Onboarding */ = {
			isa = PBXGroup;
			children = (
				92EC71332D773A3800E0DD54 /* OnboardingView.swift */,
			);
			path = Onboarding;
			sourceTree = "<group>";
		};
		92EC71242D772EDE00E0DD54 /* Authentication */ = {
			isa = PBXGroup;
			children = (
			);
			path = Authentication;
			sourceTree = "<group>";
		};
		92EC71262D77308900E0DD54 /* Font */ = {
			isa = PBXGroup;
			children = (
				92EC71272D77311F00E0DD54 /* Montserrat-Bold.ttf */,
				92EC712A2D77313E00E0DD54 /* Montserrat-Light.ttf */,
				92EC712C2D77313E00E0DD54 /* Montserrat-Medium.ttf */,
				92EC712D2D77313E00E0DD54 /* Montserrat-Regular.ttf */,
				92EC71292D77313E00E0DD54 /* Montserrat-SemiBold.ttf */,
				92EC712B2D77313E00E0DD54 /* Montserrat-Thin.ttf */,
				92EC71312D7733FB00E0DD54 /* FontExtension.swift */,
			);
			path = Font;
			sourceTree = "<group>";
		};
/* End PBXGroup section */

/* Begin PBXNativeTarget section */
		92D038002D772B5C002BFC28 /* Cowork */ = {
			isa = PBXNativeTarget;
			buildConfigurationList = 92D038252D772B5E002BFC28 /* Build configuration list for PBXNativeTarget "Cowork" */;
			buildPhases = (
				92D037FD2D772B5C002BFC28 /* Sources */,
				92D037FE2D772B5C002BFC28 /* Frameworks */,
				92D037FF2D772B5C002BFC28 /* Resources */,
			);
			buildRules = (
			);
			dependencies = (
			);
			name = Cowork;
			productName = Cowork;
			productReference = 92D038012D772B5C002BFC28 /* Cowork.app */;
			productType = "com.apple.product-type.application";
		};
		92D038102D772B5E002BFC28 /* CoworkTests */ = {
			isa = PBXNativeTarget;
			buildConfigurationList = 92D038282D772B5E002BFC28 /* Build configuration list for PBXNativeTarget "CoworkTests" */;
			buildPhases = (
				92D0380D2D772B5E002BFC28 /* Sources */,
				92D0380E2D772B5E002BFC28 /* Frameworks */,
				92D0380F2D772B5E002BFC28 /* Resources */,
			);
			buildRules = (
			);
			dependencies = (
				92D038132D772B5E002BFC28 /* PBXTargetDependency */,
			);
			name = CoworkTests;
			productName = CoworkTests;
			productReference = 92D038112D772B5E002BFC28 /* CoworkTests.xctest */;
			productType = "com.apple.product-type.bundle.unit-test";
		};
		92D0381A2D772B5E002BFC28 /* CoworkUITests */ = {
			isa = PBXNativeTarget;
			buildConfigurationList = 92D0382B2D772B5E002BFC28 /* Build configuration list for PBXNativeTarget "CoworkUITests" */;
			buildPhases = (
				92D038172D772B5E002BFC28 /* Sources */,
				92D038182D772B5E002BFC28 /* Frameworks */,
				92D038192D772B5E002BFC28 /* Resources */,
			);
			buildRules = (
			);
			dependencies = (
				92D0381D2D772B5E002BFC28 /* PBXTargetDependency */,
			);
			name = CoworkUITests;
			productName = CoworkUITests;
			productReference = 92D0381B2D772B5E002BFC28 /* CoworkUITests.xctest */;
			productType = "com.apple.product-type.bundle.ui-testing";
		};
/* End PBXNativeTarget section */

/* Begin PBXProject section */
		92D037F92D772B5C002BFC28 /* Project object */ = {
			isa = PBXProject;
			attributes = {
				BuildIndependentTargetsInParallel = 1;
				LastSwiftUpdateCheck = 1420;
				LastUpgradeCheck = 1420;
				TargetAttributes = {
					92D038002D772B5C002BFC28 = {
						CreatedOnToolsVersion = 14.2;
					};
					92D038102D772B5E002BFC28 = {
						CreatedOnToolsVersion = 14.2;
						TestTargetID = 92D038002D772B5C002BFC28;
					};
					92D0381A2D772B5E002BFC28 = {
						CreatedOnToolsVersion = 14.2;
						TestTargetID = 92D038002D772B5C002BFC28;
					};
				};
			};
			buildConfigurationList = 92D037FC2D772B5C002BFC28 /* Build configuration list for PBXProject "Cowork" */;
			compatibilityVersion = "Xcode 14.0";
			developmentRegion = en;
			hasScannedForEncodings = 0;
			knownRegions = (
				en,
				Base,
			);
			mainGroup = 92D037F82D772B5C002BFC28;
			productRefGroup = 92D038022D772B5C002BFC28 /* Products */;
			projectDirPath = "";
			projectRoot = "";
			targets = (
				92D038002D772B5C002BFC28 /* Cowork */,
				92D038102D772B5E002BFC28 /* CoworkTests */,
				92D0381A2D772B5E002BFC28 /* CoworkUITests */,
			);
		};
/* End PBXProject section */

/* Begin PBXResourcesBuildPhase section */
		92D037FF2D772B5C002BFC28 /* Resources */ = {
			isa = PBXResourcesBuildPhase;
			buildActionMask = 2147483647;
			files = (
				92D0380C2D772B5E002BFC28 /* Preview Assets.xcassets in Resources */,
				92D038092D772B5E002BFC28 /* Assets.xcassets in Resources */,
				92EC71282D77311F00E0DD54 /* Montserrat-Bold.ttf in Resources */,
			);
			runOnlyForDeploymentPostprocessing = 0;
		};
		92D0380F2D772B5E002BFC28 /* Resources */ = {
			isa = PBXResourcesBuildPhase;
			buildActionMask = 2147483647;
			files = (
			);
			runOnlyForDeploymentPostprocessing = 0;
		};
		92D038192D772B5E002BFC28 /* Resources */ = {
			isa = PBXResourcesBuildPhase;
			buildActionMask = 2147483647;
			files = (
			);
			runOnlyForDeploymentPostprocessing = 0;
		};
/* End PBXResourcesBuildPhase section */

/* Begin PBXSourcesBuildPhase section */
		92D037FD2D772B5C002BFC28 /* Sources */ = {
			isa = PBXSourcesBuildPhase;
			buildActionMask = 2147483647;
			files = (
				92B0043B2D78362900DA5CAF /* ColorsExtension.swift in Sources */,
				92D038052D772B5C002BFC28 /* CoworkApp.swift in Sources */,
				92EC71342D773A3800E0DD54 /* OnboardingView.swift in Sources */,
				92EC71322D7733FB00E0DD54 /* FontExtension.swift in Sources */,
				92EC71302D77329200E0DD54 /* SplashView.swift in Sources */,
			);
			runOnlyForDeploymentPostprocessing = 0;
		};
		92D0380D2D772B5E002BFC28 /* Sources */ = {
			isa = PBXSourcesBuildPhase;
			buildActionMask = 2147483647;
			files = (
				92D038162D772B5E002BFC28 /* CoworkTests.swift in Sources */,
			);
			runOnlyForDeploymentPostprocessing = 0;
		};
		92D038172D772B5E002BFC28 /* Sources */ = {
			isa = PBXSourcesBuildPhase;
			buildActionMask = 2147483647;
			files = (
				92D038202D772B5E002BFC28 /* CoworkUITests.swift in Sources */,
				92D038222D772B5E002BFC28 /* CoworkUITestsLaunchTests.swift in Sources */,
			);
			runOnlyForDeploymentPostprocessing = 0;
		};
/* End PBXSourcesBuildPhase section */

/* Begin PBXTargetDependency section */
		92D038132D772B5E002BFC28 /* PBXTargetDependency */ = {
			isa = PBXTargetDependency;
			target = 92D038002D772B5C002BFC28 /* Cowork */;
			targetProxy = 92D038122D772B5E002BFC28 /* PBXContainerItemProxy */;
		};
		92D0381D2D772B5E002BFC28 /* PBXTargetDependency */ = {
			isa = PBXTargetDependency;
			target = 92D038002D772B5C002BFC28 /* Cowork */;
			targetProxy = 92D0381C2D772B5E002BFC28 /* PBXContainerItemProxy */;
		};
/* End PBXTargetDependency section */

/* Begin XCBuildConfiguration section */
		92D038232D772B5E002BFC28 /* Debug */ = {
			isa = XCBuildConfiguration;
			buildSettings = {
				ALWAYS_SEARCH_USER_PATHS = NO;
				CLANG_ANALYZER_NONNULL = YES;
				CLANG_ANALYZER_NUMBER_OBJECT_CONVERSION = YES_AGGRESSIVE;
				CLANG_CXX_LANGUAGE_STANDARD = "gnu++20";
				CLANG_ENABLE_MODULES = YES;
				CLANG_ENABLE_OBJC_ARC = YES;
				CLANG_ENABLE_OBJC_WEAK = YES;
				CLANG_WARN_BLOCK_CAPTURE_AUTORELEASING = YES;
				CLANG_WARN_BOOL_CONVERSION = YES;
				CLANG_WARN_COMMA = YES;
				CLANG_WARN_CONSTANT_CONVERSION = YES;
				CLANG_WARN_DEPRECATED_OBJC_IMPLEMENTATIONS = YES;
				CLANG_WARN_DIRECT_OBJC_ISA_USAGE = YES_ERROR;
				CLANG_WARN_DOCUMENTATION_COMMENTS = YES;
				CLANG_WARN_EMPTY_BODY = YES;
				CLANG_WARN_ENUM_CONVERSION = YES;
				CLANG_WARN_INFINITE_RECURSION = YES;
				CLANG_WARN_INT_CONVERSION = YES;
				CLANG_WARN_NON_LITERAL_NULL_CONVERSION = YES;
				CLANG_WARN_OBJC_IMPLICIT_RETAIN_SELF = YES;
				CLANG_WARN_OBJC_LITERAL_CONVERSION = YES;
				CLANG_WARN_OBJC_ROOT_CLASS = YES_ERROR;
				CLANG_WARN_QUOTED_INCLUDE_IN_FRAMEWORK_HEADER = YES;
				CLANG_WARN_RANGE_LOOP_ANALYSIS = YES;
				CLANG_WARN_STRICT_PROTOTYPES = YES;
				CLANG_WARN_SUSPICIOUS_MOVE = YES;
				CLANG_WARN_UNGUARDED_AVAILABILITY = YES_AGGRESSIVE;
				CLANG_WARN_UNREACHABLE_CODE = YES;
				CLANG_WARN__DUPLICATE_METHOD_MATCH = YES;
				COPY_PHASE_STRIP = NO;
				DEBUG_INFORMATION_FORMAT = dwarf;
				ENABLE_STRICT_OBJC_MSGSEND = YES;
				ENABLE_TESTABILITY = YES;
				GCC_C_LANGUAGE_STANDARD = gnu11;
				GCC_DYNAMIC_NO_PIC = NO;
				GCC_NO_COMMON_BLOCKS = YES;
				GCC_OPTIMIZATION_LEVEL = 0;
				GCC_PREPROCESSOR_DEFINITIONS = (
					"DEBUG=1",
					"$(inherited)",
				);
				GCC_WARN_64_TO_32_BIT_CONVERSION = YES;
				GCC_WARN_ABOUT_RETURN_TYPE = YES_ERROR;
				GCC_WARN_UNDECLARED_SELECTOR = YES;
				GCC_WARN_UNINITIALIZED_AUTOS = YES_AGGRESSIVE;
				GCC_WARN_UNUSED_FUNCTION = YES;
				GCC_WARN_UNUSED_VARIABLE = YES;
				IPHONEOS_DEPLOYMENT_TARGET = 16.2;
				MTL_ENABLE_DEBUG_INFO = INCLUDE_SOURCE;
				MTL_FAST_MATH = YES;
				ONLY_ACTIVE_ARCH = YES;
				SDKROOT = iphoneos;
				SWIFT_ACTIVE_COMPILATION_CONDITIONS = DEBUG;
				SWIFT_OPTIMIZATION_LEVEL = "-Onone";
			};
			name = Debug;
		};
		92D038242D772B5E002BFC28 /* Release */ = {
			isa = XCBuildConfiguration;
			buildSettings = {
				ALWAYS_SEARCH_USER_PATHS = NO;
				CLANG_ANALYZER_NONNULL = YES;
				CLANG_ANALYZER_NUMBER_OBJECT_CONVERSION = YES_AGGRESSIVE;
				CLANG_CXX_LANGUAGE_STANDARD = "gnu++20";
				CLANG_ENABLE_MODULES = YES;
				CLANG_ENABLE_OBJC_ARC = YES;
				CLANG_ENABLE_OBJC_WEAK = YES;
				CLANG_WARN_BLOCK_CAPTURE_AUTORELEASING = YES;
				CLANG_WARN_BOOL_CONVERSION = YES;
				CLANG_WARN_COMMA = YES;
				CLANG_WARN_CONSTANT_CONVERSION = YES;
				CLANG_WARN_DEPRECATED_OBJC_IMPLEMENTATIONS = YES;
				CLANG_WARN_DIRECT_OBJC_ISA_USAGE = YES_ERROR;
				CLANG_WARN_DOCUMENTATION_COMMENTS = YES;
				CLANG_WARN_EMPTY_BODY = YES;
				CLANG_WARN_ENUM_CONVERSION = YES;
				CLANG_WARN_INFINITE_RECURSION = YES;
				CLANG_WARN_INT_CONVERSION = YES;
				CLANG_WARN_NON_LITERAL_NULL_CONVERSION = YES;
				CLANG_WARN_OBJC_IMPLICIT_RETAIN_SELF = YES;
				CLANG_WARN_OBJC_LITERAL_CONVERSION = YES;
				CLANG_WARN_OBJC_ROOT_CLASS = YES_ERROR;
				CLANG_WARN_QUOTED_INCLUDE_IN_FRAMEWORK_HEADER = YES;
				CLANG_WARN_RANGE_LOOP_ANALYSIS = YES;
				CLANG_WARN_STRICT_PROTOTYPES = YES;
				CLANG_WARN_SUSPICIOUS_MOVE = YES;
				CLANG_WARN_UNGUARDED_AVAILABILITY = YES_AGGRESSIVE;
				CLANG_WARN_UNREACHABLE_CODE = YES;
				CLANG_WARN__DUPLICATE_METHOD_MATCH = YES;
				COPY_PHASE_STRIP = NO;
				DEBUG_INFORMATION_FORMAT = "dwarf-with-dsym";
				ENABLE_NS_ASSERTIONS = NO;
				ENABLE_STRICT_OBJC_MSGSEND = YES;
				GCC_C_LANGUAGE_STANDARD = gnu11;
				GCC_NO_COMMON_BLOCKS = YES;
				GCC_WARN_64_TO_32_BIT_CONVERSION = YES;
				GCC_WARN_ABOUT_RETURN_TYPE = YES_ERROR;
				GCC_WARN_UNDECLARED_SELECTOR = YES;
				GCC_WARN_UNINITIALIZED_AUTOS = YES_AGGRESSIVE;
				GCC_WARN_UNUSED_FUNCTION = YES;
				GCC_WARN_UNUSED_VARIABLE = YES;
				IPHONEOS_DEPLOYMENT_TARGET = 16.2;
				MTL_ENABLE_DEBUG_INFO = NO;
				MTL_FAST_MATH = YES;
				SDKROOT = iphoneos;
				SWIFT_COMPILATION_MODE = wholemodule;
				SWIFT_OPTIMIZATION_LEVEL = "-O";
				VALIDATE_PRODUCT = YES;
			};
			name = Release;
		};
		92D038262D772B5E002BFC28 /* Debug */ = {
			isa = XCBuildConfiguration;
			buildSettings = {
				ASSETCATALOG_COMPILER_APPICON_NAME = AppIcon;
				ASSETCATALOG_COMPILER_GLOBAL_ACCENT_COLOR_NAME = AccentColor;
				CODE_SIGN_STYLE = Automatic;
				CURRENT_PROJECT_VERSION = 1;
				DEVELOPMENT_ASSET_PATHS = "\"Cowork/Preview Content\"";
				DEVELOPMENT_TEAM = 72NQPP668A;
				ENABLE_PREVIEWS = YES;
				GENERATE_INFOPLIST_FILE = YES;
				INFOPLIST_FILE = Cowork/Info.plist;
				INFOPLIST_KEY_UIApplicationSceneManifest_Generation = YES;
				INFOPLIST_KEY_UIApplicationSupportsIndirectInputEvents = YES;
				INFOPLIST_KEY_UILaunchScreen_Generation = YES;
				INFOPLIST_KEY_UISupportedInterfaceOrientations_iPad = "UIInterfaceOrientationPortrait UIInterfaceOrientationPortraitUpsideDown UIInterfaceOrientationLandscapeLeft UIInterfaceOrientationLandscapeRight";
				INFOPLIST_KEY_UISupportedInterfaceOrientations_iPhone = "UIInterfaceOrientationPortrait UIInterfaceOrientationLandscapeLeft UIInterfaceOrientationLandscapeRight";
				LD_RUNPATH_SEARCH_PATHS = (
					"$(inherited)",
					"@executable_path/Frameworks",
				);
				MARKETING_VERSION = 1.0;
				PRODUCT_BUNDLE_IDENTIFIER = com.YaroslavOrlov.Cowork;
				PRODUCT_NAME = "$(TARGET_NAME)";
				SWIFT_EMIT_LOC_STRINGS = YES;
				SWIFT_VERSION = 5.0;
				TARGETED_DEVICE_FAMILY = "1,2";
			};
			name = Debug;
		};
		92D038272D772B5E002BFC28 /* Release */ = {
			isa = XCBuildConfiguration;
			buildSettings = {
				ASSETCATALOG_COMPILER_APPICON_NAME = AppIcon;
				ASSETCATALOG_COMPILER_GLOBAL_ACCENT_COLOR_NAME = AccentColor;
				CODE_SIGN_STYLE = Automatic;
				CURRENT_PROJECT_VERSION = 1;
				DEVELOPMENT_ASSET_PATHS = "\"Cowork/Preview Content\"";
				DEVELOPMENT_TEAM = 72NQPP668A;
				ENABLE_PREVIEWS = YES;
				GENERATE_INFOPLIST_FILE = YES;
				INFOPLIST_FILE = Cowork/Info.plist;
				INFOPLIST_KEY_UIApplicationSceneManifest_Generation = YES;
				INFOPLIST_KEY_UIApplicationSupportsIndirectInputEvents = YES;
				INFOPLIST_KEY_UILaunchScreen_Generation = YES;
				INFOPLIST_KEY_UISupportedInterfaceOrientations_iPad = "UIInterfaceOrientationPortrait UIInterfaceOrientationPortraitUpsideDown UIInterfaceOrientationLandscapeLeft UIInterfaceOrientationLandscapeRight";
				INFOPLIST_KEY_UISupportedInterfaceOrientations_iPhone = "UIInterfaceOrientationPortrait UIInterfaceOrientationLandscapeLeft UIInterfaceOrientationLandscapeRight";
				LD_RUNPATH_SEARCH_PATHS = (
					"$(inherited)",
					"@executable_path/Frameworks",
				);
				MARKETING_VERSION = 1.0;
				PRODUCT_BUNDLE_IDENTIFIER = com.YaroslavOrlov.Cowork;
				PRODUCT_NAME = "$(TARGET_NAME)";
				SWIFT_EMIT_LOC_STRINGS = YES;
				SWIFT_VERSION = 5.0;
				TARGETED_DEVICE_FAMILY = "1,2";
			};
			name = Release;
		};
		92D038292D772B5E002BFC28 /* Debug */ = {
			isa = XCBuildConfiguration;
			buildSettings = {
				ALWAYS_EMBED_SWIFT_STANDARD_LIBRARIES = YES;
				BUNDLE_LOADER = "$(TEST_HOST)";
				CODE_SIGN_STYLE = Automatic;
				CURRENT_PROJECT_VERSION = 1;
				DEVELOPMENT_TEAM = 72NQPP668A;
				GENERATE_INFOPLIST_FILE = YES;
				IPHONEOS_DEPLOYMENT_TARGET = 16.2;
				MARKETING_VERSION = 1.0;
				PRODUCT_BUNDLE_IDENTIFIER = com.YaroslavOrlov.CoworkTests;
				PRODUCT_NAME = "$(TARGET_NAME)";
				SWIFT_EMIT_LOC_STRINGS = NO;
				SWIFT_VERSION = 5.0;
				TARGETED_DEVICE_FAMILY = "1,2";
				TEST_HOST = "$(BUILT_PRODUCTS_DIR)/Cowork.app/$(BUNDLE_EXECUTABLE_FOLDER_PATH)/Cowork";
			};
			name = Debug;
		};
		92D0382A2D772B5E002BFC28 /* Release */ = {
			isa = XCBuildConfiguration;
			buildSettings = {
				ALWAYS_EMBED_SWIFT_STANDARD_LIBRARIES = YES;
				BUNDLE_LOADER = "$(TEST_HOST)";
				CODE_SIGN_STYLE = Automatic;
				CURRENT_PROJECT_VERSION = 1;
				DEVELOPMENT_TEAM = 72NQPP668A;
				GENERATE_INFOPLIST_FILE = YES;
				IPHONEOS_DEPLOYMENT_TARGET = 16.2;
				MARKETING_VERSION = 1.0;
				PRODUCT_BUNDLE_IDENTIFIER = com.YaroslavOrlov.CoworkTests;
				PRODUCT_NAME = "$(TARGET_NAME)";
				SWIFT_EMIT_LOC_STRINGS = NO;
				SWIFT_VERSION = 5.0;
				TARGETED_DEVICE_FAMILY = "1,2";
				TEST_HOST = "$(BUILT_PRODUCTS_DIR)/Cowork.app/$(BUNDLE_EXECUTABLE_FOLDER_PATH)/Cowork";
			};
			name = Release;
		};
		92D0382C2D772B5E002BFC28 /* Debug */ = {
			isa = XCBuildConfiguration;
			buildSettings = {
				ALWAYS_EMBED_SWIFT_STANDARD_LIBRARIES = YES;
				CODE_SIGN_STYLE = Automatic;
				CURRENT_PROJECT_VERSION = 1;
				DEVELOPMENT_TEAM = 72NQPP668A;
				GENERATE_INFOPLIST_FILE = YES;
				MARKETING_VERSION = 1.0;
				PRODUCT_BUNDLE_IDENTIFIER = com.YaroslavOrlov.CoworkUITests;
				PRODUCT_NAME = "$(TARGET_NAME)";
				SWIFT_EMIT_LOC_STRINGS = NO;
				SWIFT_VERSION = 5.0;
				TARGETED_DEVICE_FAMILY = "1,2";
				TEST_TARGET_NAME = Cowork;
			};
			name = Debug;
		};
		92D0382D2D772B5E002BFC28 /* Release */ = {
			isa = XCBuildConfiguration;
			buildSettings = {
				ALWAYS_EMBED_SWIFT_STANDARD_LIBRARIES = YES;
				CODE_SIGN_STYLE = Automatic;
				CURRENT_PROJECT_VERSION = 1;
				DEVELOPMENT_TEAM = 72NQPP668A;
				GENERATE_INFOPLIST_FILE = YES;
				MARKETING_VERSION = 1.0;
				PRODUCT_BUNDLE_IDENTIFIER = com.YaroslavOrlov.CoworkUITests;
				PRODUCT_NAME = "$(TARGET_NAME)";
				SWIFT_EMIT_LOC_STRINGS = NO;
				SWIFT_VERSION = 5.0;
				TARGETED_DEVICE_FAMILY = "1,2";
				TEST_TARGET_NAME = Cowork;
			};
			name = Release;
		};
/* End XCBuildConfiguration section */

/* Begin XCConfigurationList section */
		92D037FC2D772B5C002BFC28 /* Build configuration list for PBXProject "Cowork" */ = {
			isa = XCConfigurationList;
			buildConfigurations = (
				92D038232D772B5E002BFC28 /* Debug */,
				92D038242D772B5E002BFC28 /* Release */,
			);
			defaultConfigurationIsVisible = 0;
			defaultConfigurationName = Release;
		};
		92D038252D772B5E002BFC28 /* Build configuration list for PBXNativeTarget "Cowork" */ = {
			isa = XCConfigurationList;
			buildConfigurations = (
				92D038262D772B5E002BFC28 /* Debug */,
				92D038272D772B5E002BFC28 /* Release */,
			);
			defaultConfigurationIsVisible = 0;
			defaultConfigurationName = Release;
		};
		92D038282D772B5E002BFC28 /* Build configuration list for PBXNativeTarget "CoworkTests" */ = {
			isa = XCConfigurationList;
			buildConfigurations = (
				92D038292D772B5E002BFC28 /* Debug */,
				92D0382A2D772B5E002BFC28 /* Release */,
			);
			defaultConfigurationIsVisible = 0;
			defaultConfigurationName = Release;
		};
		92D0382B2D772B5E002BFC28 /* Build configuration list for PBXNativeTarget "CoworkUITests" */ = {
			isa = XCConfigurationList;
			buildConfigurations = (
				92D0382C2D772B5E002BFC28 /* Debug */,
				92D0382D2D772B5E002BFC28 /* Release */,
			);
			defaultConfigurationIsVisible = 0;
			defaultConfigurationName = Release;
		};
/* End XCConfigurationList section */
	};
	rootObject = 92D037F92D772B5C002BFC28 /* Project object */;
}
